
Microsoft Visual Studio Solution File, Format Version 12.00
# Visual Studio Version 17
VisualStudioVersion = 17.14.36221.1
MinimumVisualStudioVersion = 10.0.40219.1
Project("{FAE04EC0-301F-11D3-BF4B-00C04F79EFBC}") = "ITAssetManagement.Web", "ITAssetManagement.Web\ITAssetManagement.Web.csproj", "{A4BFDEF2-0104-4E3F-9731-F650C22058E9}"
EndProject
Project("{2150E333-8FDC-42A3-9474-1A3956D46DE8}") = "Tests", "Tests", "{0AB3BF05-4346-4AA6-1389-037BE0695223}"
EndProject
Project("{FAE04EC0-301F-11D3-BF4B-00C04F79EFBC}") = "ITAssetManagement.Tests", "Tests\ITAssetManagement.Tests.csproj", "{46AE3CFB-B9E9-411A-B686-1B421A26B233}"
EndProject
Global
	GlobalSection(SolutionConfigurationPlatforms) = preSolution
		Debug|Any CPU = Debug|Any CPU
		Debug|x64 = Debug|x64
		Debug|x86 = Debug|x86
		Release|Any CPU = Release|Any CPU
		Release|x64 = Release|x64
		Release|x86 = Release|x86
	EndGlobalSection
	GlobalSection(ProjectConfigurationPlatforms) = postSolution
		{A4BFDEF2-0104-4E3F-9731-F650C22058E9}.Debug|Any CPU.ActiveCfg = Debug|Any CPU
		{A4BFDEF2-0104-4E3F-9731-F650C22058E9}.Debug|Any CPU.Build.0 = Debug|Any CPU
		{A4BFDEF2-0104-4E3F-9731-F650C22058E9}.Debug|x64.ActiveCfg = Debug|Any CPU
		{A4BFDEF2-0104-4E3F-9731-F650C22058E9}.Debug|x64.Build.0 = Debug|Any CPU
		{A4BFDEF2-0104-4E3F-9731-F650C22058E9}.Debug|x86.ActiveCfg = Debug|Any CPU
		{A4BFDEF2-0104-4E3F-9731-F650C22058E9}.Debug|x86.Build.0 = Debug|Any CPU
		{A4BFDEF2-0104-4E3F-9731-F650C22058E9}.Release|Any CPU.ActiveCfg = Release|Any CPU
		{A4BFDEF2-0104-4E3F-9731-F650C22058E9}.Release|Any CPU.Build.0 = Release|Any CPU
		{A4BFDEF2-0104-4E3F-9731-F650C22058E9}.Release|x64.ActiveCfg = Release|Any CPU
		{A4BFDEF2-0104-4E3F-9731-F650C22058E9}.Release|x64.Build.0 = Release|Any CPU
		{A4BFDEF2-0104-4E3F-9731-F650C22058E9}.Release|x86.ActiveCfg = Release|Any CPU
		{A4BFDEF2-0104-4E3F-9731-F650C22058E9}.Release|x86.Build.0 = Release|Any CPU
		{46AE3CFB-B9E9-411A-B686-1B421A26B233}.Debug|Any CPU.ActiveCfg = Debug|Any CPU
		{46AE3CFB-B9E9-411A-B686-1B421A26B233}.Debug|Any CPU.Build.0 = Debug|Any CPU
		{46AE3CFB-B9E9-411A-B686-1B421A26B233}.Debug|x64.ActiveCfg = Debug|Any CPU
		{46AE3CFB-B9E9-411A-B686-1B421A26B233}.Debug|x64.Build.0 = Debug|Any CPU
		{46AE3CFB-B9E9-411A-B686-1B421A26B233}.Debug|x86.ActiveCfg = Debug|Any CPU
		{46AE3CFB-B9E9-411A-B686-1B421A26B233}.Debug|x86.Build.0 = Debug|Any CPU
		{46AE3CFB-B9E9-411A-B686-1B421A26B233}.Release|Any CPU.ActiveCfg = Release|Any CPU
		{46AE3CFB-B9E9-411A-B686-1B421A26B233}.Release|Any CPU.Build.0 = Release|Any CPU
		{46AE3CFB-B9E9-411A-B686-1B421A26B233}.Release|x64.ActiveCfg = Release|Any CPU
		{46AE3CFB-B9E9-411A-B686-1B421A26B233}.Release|x64.Build.0 = Release|Any CPU
		{46AE3CFB-B9E9-411A-B686-1B421A26B233}.Release|x86.ActiveCfg = Release|Any CPU
		{46AE3CFB-B9E9-411A-B686-1B421A26B233}.Release|x86.Build.0 = Release|Any CPU
	EndGlobalSection
	GlobalSection(SolutionProperties) = preSolution
		HideSolutionNode = FALSE
	EndGlobalSection
	GlobalSection(NestedProjects) = preSolution
		{46AE3CFB-B9E9-411A-B686-1B421A26B233} = {0AB3BF05-4346-4AA6-1389-037BE0695223}
	EndGlobalSection
	GlobalSection(ExtensibilityGlobals) = postSolution
		SolutionGuid = {7ADE11AA-5C98-416A-B422-F113C29A88CB}
	EndGlobalSection
EndGlobal
